
Microsoft Visual Studio Solution File, Format Version 12.00
# Visual Studio 15
VisualStudioVersion = 15.0.28307.1622
MinimumVisualStudioVersion = 10.0.40219.1
Project("{FAE04EC0-301F-11D3-BF4B-00C04F79EFBC}") = "CalcTest", "CalcTest\CalcTest.csproj", "{D68F6648-9691-4731-8E70-1AF7B2B75E3C}"
EndProject
Project("{FAE04EC0-301F-11D3-BF4B-00C04F79EFBC}") = "Test", "Test\Test.csproj", "{360732C3-75B6-41FD-AB67-5D07A8540BC7}"
EndProject
Global
	GlobalSection(SolutionConfigurationPlatforms) = preSolution
		Debug|Any CPU = Debug|Any CPU
		Release|Any CPU = Release|Any CPU
	EndGlobalSection
	GlobalSection(ProjectConfigurationPlatforms) = postSolution
		{D68F6648-9691-4731-8E70-1AF7B2B75E3C}.Debug|Any CPU.ActiveCfg = Debug|Any CPU
		{D68F6648-9691-4731-8E70-1AF7B2B75E3C}.Debug|Any CPU.Build.0 = Debug|Any CPU
		{D68F6648-9691-4731-8E70-1AF7B2B75E3C}.Release|Any CPU.ActiveCfg = Release|Any CPU
		{D68F6648-9691-4731-8E70-1AF7B2B75E3C}.Release|Any CPU.Build.0 = Release|Any CPU
		{360732C3-75B6-41FD-AB67-5D07A8540BC7}.Debug|Any CPU.ActiveCfg = Debug|Any CPU
		{360732C3-75B6-41FD-AB67-5D07A8540BC7}.Debug|Any CPU.Build.0 = Debug|Any CPU
		{360732C3-75B6-41FD-AB67-5D07A8540BC7}.Release|Any CPU.ActiveCfg = Release|Any CPU
		{360732C3-75B6-41FD-AB67-5D07A8540BC7}.Release|Any CPU.Build.0 = Release|Any CPU
	EndGlobalSection
	GlobalSection(SolutionProperties) = preSolution
		HideSolutionNode = FALSE
	EndGlobalSection
	GlobalSection(ExtensibilityGlobals) = postSolution
		SolutionGuid = {544274A6-D169-4C38-8256-E49B59203208}
	EndGlobalSection
EndGlobal
